<?xml version="1.0" encoding="utf-8"?>
<Project ToolsVersion="4.0" xmlns="http://schemas.microsoft.com/developer/msbuild/2003">
  <ItemGroup>
    <Filter Include="Source files">
      <UniqueIdentifier>{a8bd37bd-9a31-4e25-811d-bbb712e3588f}</UniqueIdentifier>
      <Extensions>cpp;c;cc;cxx;def;odl;idl;hpj;bat;asm;asmx</Extensions>
    </Filter>
    <Filter Include="Header files">
      <UniqueIdentifier>{75ba7885-d5d5-4d32-ba84-a48c77df7331}</UniqueIdentifier>
      <Extensions>h;hpp;hxx;hm;inl;inc;xsd</Extensions>
    </Filter>
    <Filter Include="Resource files">
      <UniqueIdentifier>{67a8d457-d958-40b6-a31f-6d3b9dc7e4c9}</UniqueIdentifier>
      <Extensions>rc;ico;cur;bmp;dlg;rc2;rct;bin;rgs;gif;jpg;jpeg;jpe;resx;tiff;tif;png;wav</Extensions>
    </Filter>
    <Filter Include="Java Source Files">
      <UniqueIdentifier>{d8a83903-a717-46f5-a56c-4c9872764be1}</UniqueIdentifier>
      <Extensions>*.java</Extensions>
    </Filter>
    <Filter Include="Java Source Files\com">
      <UniqueIdentifier>{48113f64-5a81-4dcf-abb7-cbce115bc04d}</UniqueIdentifier>
    </Filter>
    <Filter Include="Java Source Files\com\oculus">
      <UniqueIdentifier>{f4611ced-9b78-496b-9a91-0830c0122191}</UniqueIdentifier>
    </Filter>
    <Filter Include="Java Source Files\com\oculus\cinema">
      <UniqueIdentifier>{387f9810-1588-42dd-a14a-ae7aacce70ba}</UniqueIdentifier>
    </Filter>
  </ItemGroup>
  <ItemGroup>
    <Xml Include="AndroidManifest.xml" />
  </ItemGroup>
  <ItemGroup>
    <None Include="jni\Android.mk" />
    <None Include="jni\Application.mk" />
    <None Include="src\com\oculus\cinema\MainActivity.java">
      <Filter>Java Source Files\com\oculus\cinema</Filter>
    </None>
    <None Include="src\com\oculus\cinema\ScrubberActivity.java">
      <Filter>Java Source Files\com\oculus\cinema</Filter>
    </None>
  </ItemGroup>
  <ItemGroup>
    <ClCompile Include="jni\CarouselBrowserComponent.cpp">
      <Filter>Source files</Filter>
    </ClCompile>
    <ClCompile Include="jni\CinemaApp.cpp">
      <Filter>Source files</Filter>
    </ClCompile>
    <ClCompile Include="jni\ModelManager.cpp">
      <Filter>Source files</Filter>
    </ClCompile>
    <ClCompile Include="jni\MovieCategoryComponent.cpp">
      <Filter>Source files</Filter>
    </ClCompile>
    <ClCompile Include="jni\MovieManager.cpp">
      <Filter>Source files</Filter>
    </ClCompile>
    <ClCompile Include="jni\MoviePlayerView.cpp">
      <Filter>Source files</Filter>
    </ClCompile>
    <ClCompile Include="jni\MoviePosterComponent.cpp">
      <Filter>Source files</Filter>
    </ClCompile>
    <ClCompile Include="jni\MovieSelectionView.cpp">
      <Filter>Source files</Filter>
    </ClCompile>
    <ClCompile Include="jni\Native.cpp">
      <Filter>Source files</Filter>
    </ClCompile>
    <ClCompile Include="jni\ResumeMovieComponent.cpp">
      <Filter>Source files</Filter>
    </ClCompile>
    <ClCompile Include="jni\ResumeMovieView.cpp">
      <Filter>Source files</Filter>
    </ClCompile>
    <ClCompile Include="jni\SceneManager.cpp">
      <Filter>Source files</Filter>
    </ClCompile>
    <ClCompile Include="jni\ShaderManager.cpp">
      <Filter>Source files</Filter>
    </ClCompile>
    <ClCompile Include="jni\TheaterSelectionComponent.cpp">
      <Filter>Source files</Filter>
    </ClCompile>
    <ClCompile Include="jni\TheaterSelectionView.cpp">
      <Filter>Source files</Filter>
    </ClCompile>
    <ClCompile Include="jni\View.cpp">
      <Filter>Source files</Filter>
    </ClCompile>
    <ClCompile Include="jni\ViewManager.cpp">
      <Filter>Source files</Filter>
    </ClCompile>
    <ClCompile Include="jni\ErrorMessageComponent.cpp">
      <Filter>Source files</Filter>
    </ClCompile>
    <ClCompile Include="jni\LoadingView.cpp">
      <Filter>Source files</Filter>
    </ClCompile>
    <ClCompile Include="jni\MovieSelectionComponent.cpp">
      <Filter>Source files</Filter>
    </ClCompile>
    <ClCompile Include="jni\CinemaStrings.cpp">
      <Filter>Source files</Filter>
    </ClCompile>
  </ItemGroup>
  <ItemGroup>
    <ClInclude Include="jni\CarouselBrowserComponent.h">
      <Filter>Source files</Filter>
    </ClInclude>
    <ClInclude Include="jni\CinemaApp.h">
      <Filter>Source files</Filter>
    </ClInclude>
    <ClInclude Include="jni\Lerp.h">
      <Filter>Source files</Filter>
    </ClInclude>
    <ClInclude Include="jni\ModelManager.h">
      <Filter>Source files</Filter>
    </ClInclude>
    <ClInclude Include="jni\MovieCategoryComponent.h">
      <Filter>Source files</Filter>
    </ClInclude>
    <ClInclude Include="jni\MovieManager.h">
      <Filter>Source files</Filter>
    </ClInclude>
    <ClInclude Include="jni\MoviePlayerView.h">
      <Filter>Source files</Filter>
    </ClInclude>
    <ClInclude Include="jni\MoviePosterComponent.h">
      <Filter>Source files</Filter>
    </ClInclude>
    <ClInclude Include="jni\MovieSelectionView.h">
      <Filter>Source files</Filter>
    </ClInclude>
    <ClInclude Include="jni\Native.h">
      <Filter>Source files</Filter>
    </ClInclude>
    <ClInclude Include="jni\ResumeMovieComponent.h">
      <Filter>Source files</Filter>
    </ClInclude>
    <ClInclude Include="jni\ResumeMovieView.h">
      <Filter>Source files</Filter>
    </ClInclude>
    <ClInclude Include="jni\SceneManager.h">
      <Filter>Source files</Filter>
    </ClInclude>
    <ClInclude Include="jni\ShaderManager.h">
      <Filter>Source files</Filter>
    </ClInclude>
    <ClInclude Include="jni\TheaterSelectionComponent.h">
      <Filter>Source files</Filter>
    </ClInclude>
    <ClInclude Include="jni\TheaterSelectionView.h">
      <Filter>Source files</Filter>
    </ClInclude>
    <ClInclude Include="jni\View.h">
      <Filter>Source files</Filter>
    </ClInclude>
    <ClInclude Include="jni\ViewManager.h">
      <Filter>Source files</Filter>
    </ClInclude>
    <ClInclude Include="jni\ErrorMessageComponent.h">
      <Filter>Source files</Filter>
    </ClInclude>
    <ClInclude Include="jni\LoadingView.h">
      <Filter>Source files</Filter>
    </ClInclude>
    <ClInclude Include="jni\MovieSelectionComponent.h">
      <Filter>Source files</Filter>
    </ClInclude>
    <ClInclude Include="jni\CinemaStrings.h">
      <Filter>Source files</Filter>
    </ClInclude>
  </ItemGroup>
</Project>